
Microsoft Visual Studio Solution File, Format Version 12.00
# Visual Studio Version 17
VisualStudioVersion = 17.2.32210.308
MinimumVisualStudioVersion = 10.0.40219.1
Project("{2150E333-8FDC-42A3-9474-1A3956D46DE8}") = "Test", "Test", "{34430021-3119-4948-884C-7C97527152E3}"
EndProject
Project("{2150E333-8FDC-42A3-9474-1A3956D46DE8}") = "Model", "Model", "{88C0EDA6-0401-41D5-81BB-3A70C8961554}"
EndProject
Project("{2150E333-8FDC-42A3-9474-1A3956D46DE8}") = "Data", "Data", "{B5694FEE-A93B-40D5-AD65-51DDAECB7FFB}"
EndProject
Project("{2150E333-8FDC-42A3-9474-1A3956D46DE8}") = "Core", "Core", "{AE65D0F1-11FE-4BDA-8985-F8326A5F3AEF}"
EndProject
Project("{2150E333-8FDC-42A3-9474-1A3956D46DE8}") = "Data", "Data", "{738C154A-DCA2-41AE-B704-FA9C4CEEE32B}"
EndProject
Project("{2150E333-8FDC-42A3-9474-1A3956D46DE8}") = "Helpers", "Helpers", "{91F83DB0-CC3B-4442-BBC1-4FC3727E3BED}"
EndProject
Project("{9A19103F-16F7-4668-BE54-9A1E7A4F7556}") = "Core.Data", "Core\Data\Core.Data\Core.Data.csproj", "{3E5023F7-D192-4379-A188-DE044C458BF0}"
EndProject
Project("{9A19103F-16F7-4668-BE54-9A1E7A4F7556}") = "Helper.Configuration", "Core\Helpers\Helper.Configuration\Helper.Configuration.csproj", "{1046D130-521B-455E-8DED-B3BF1C35BA77}"
EndProject
Project("{9A19103F-16F7-4668-BE54-9A1E7A4F7556}") = "Helper.Utility", "Core\Helpers\Helper.Utility\Helper.Utility.csproj", "{D2B627F1-4862-4CE1-A1D9-94FDB91A4C16}"
EndProject
Project("{2150E333-8FDC-42A3-9474-1A3956D46DE8}") = "Function", "Function", "{977BC9AA-9B67-414B-A001-51AFB2168E68}"
EndProject
Project("{2150E333-8FDC-42A3-9474-1A3956D46DE8}") = "Service", "Service", "{98E0191D-0689-4627-9888-EDD681FAB3AD}"
EndProject
Project("{9A19103F-16F7-4668-BE54-9A1E7A4F7556}") = "App.Data", "Data\App.Data\App.Data.csproj", "{6D6E75D4-2C4F-479E-9D16-DA2BE32A97B0}"
EndProject
Project("{9A19103F-16F7-4668-BE54-9A1E7A4F7556}") = "App.Model", "Model\App.Model\App.Model.csproj", "{EDE859FA-99EE-4736-B4FF-5578C8BDC41E}"
EndProject
Project("{9A19103F-16F7-4668-BE54-9A1E7A4F7556}") = "App.Service", "Service\App.Service\App.Service.csproj", "{0B07889E-BC18-46A8-AD88-63D22214A1A4}"
EndProject
Project("{9A19103F-16F7-4668-BE54-9A1E7A4F7556}") = "App.Test", "Test\App.Test\App.Test.csproj", "{0ADFF8E1-B82D-4CFA-990B-0EF3556048E9}"
EndProject
Project("{FAE04EC0-301F-11D3-BF4B-00C04F79EFBC}") = "Core.Model", "Core\Data\Core.Model\Core.Model.csproj", "{BA05F27A-237F-4D7E-9B4E-6F3E9EFF54FA}"
EndProject
Global
	GlobalSection(SolutionConfigurationPlatforms) = preSolution
		Debug|Any CPU = Debug|Any CPU
		Release|Any CPU = Release|Any CPU
	EndGlobalSection
	GlobalSection(ProjectConfigurationPlatforms) = postSolution
		{3E5023F7-D192-4379-A188-DE044C458BF0}.Debug|Any CPU.ActiveCfg = Debug|Any CPU
		{3E5023F7-D192-4379-A188-DE044C458BF0}.Debug|Any CPU.Build.0 = Debug|Any CPU
		{3E5023F7-D192-4379-A188-DE044C458BF0}.Release|Any CPU.ActiveCfg = Release|Any CPU
		{3E5023F7-D192-4379-A188-DE044C458BF0}.Release|Any CPU.Build.0 = Release|Any CPU
		{1046D130-521B-455E-8DED-B3BF1C35BA77}.Debug|Any CPU.ActiveCfg = Debug|Any CPU
		{1046D130-521B-455E-8DED-B3BF1C35BA77}.Debug|Any CPU.Build.0 = Debug|Any CPU
		{1046D130-521B-455E-8DED-B3BF1C35BA77}.Release|Any CPU.ActiveCfg = Release|Any CPU
		{1046D130-521B-455E-8DED-B3BF1C35BA77}.Release|Any CPU.Build.0 = Release|Any CPU
		{D2B627F1-4862-4CE1-A1D9-94FDB91A4C16}.Debug|Any CPU.ActiveCfg = Debug|Any CPU
		{D2B627F1-4862-4CE1-A1D9-94FDB91A4C16}.Debug|Any CPU.Build.0 = Debug|Any CPU
		{D2B627F1-4862-4CE1-A1D9-94FDB91A4C16}.Release|Any CPU.ActiveCfg = Release|Any CPU
		{D2B627F1-4862-4CE1-A1D9-94FDB91A4C16}.Release|Any CPU.Build.0 = Release|Any CPU
		{6D6E75D4-2C4F-479E-9D16-DA2BE32A97B0}.Debug|Any CPU.ActiveCfg = Debug|Any CPU
		{6D6E75D4-2C4F-479E-9D16-DA2BE32A97B0}.Debug|Any CPU.Build.0 = Debug|Any CPU
		{6D6E75D4-2C4F-479E-9D16-DA2BE32A97B0}.Release|Any CPU.ActiveCfg = Release|Any CPU
		{6D6E75D4-2C4F-479E-9D16-DA2BE32A97B0}.Release|Any CPU.Build.0 = Release|Any CPU
		{EDE859FA-99EE-4736-B4FF-5578C8BDC41E}.Debug|Any CPU.ActiveCfg = Debug|Any CPU
		{EDE859FA-99EE-4736-B4FF-5578C8BDC41E}.Debug|Any CPU.Build.0 = Debug|Any CPU
		{EDE859FA-99EE-4736-B4FF-5578C8BDC41E}.Release|Any CPU.ActiveCfg = Release|Any CPU
		{EDE859FA-99EE-4736-B4FF-5578C8BDC41E}.Release|Any CPU.Build.0 = Release|Any CPU
		{0B07889E-BC18-46A8-AD88-63D22214A1A4}.Debug|Any CPU.ActiveCfg = Debug|Any CPU
		{0B07889E-BC18-46A8-AD88-63D22214A1A4}.Debug|Any CPU.Build.0 = Debug|Any CPU
		{0B07889E-BC18-46A8-AD88-63D22214A1A4}.Release|Any CPU.ActiveCfg = Release|Any CPU
		{0B07889E-BC18-46A8-AD88-63D22214A1A4}.Release|Any CPU.Build.0 = Release|Any CPU
		{0ADFF8E1-B82D-4CFA-990B-0EF3556048E9}.Debug|Any CPU.ActiveCfg = Debug|Any CPU
		{0ADFF8E1-B82D-4CFA-990B-0EF3556048E9}.Debug|Any CPU.Build.0 = Debug|Any CPU
		{0ADFF8E1-B82D-4CFA-990B-0EF3556048E9}.Release|Any CPU.ActiveCfg = Release|Any CPU
		{0ADFF8E1-B82D-4CFA-990B-0EF3556048E9}.Release|Any CPU.Build.0 = Release|Any CPU
		{BA05F27A-237F-4D7E-9B4E-6F3E9EFF54FA}.Debug|Any CPU.ActiveCfg = Debug|Any CPU
		{BA05F27A-237F-4D7E-9B4E-6F3E9EFF54FA}.Debug|Any CPU.Build.0 = Debug|Any CPU
		{BA05F27A-237F-4D7E-9B4E-6F3E9EFF54FA}.Release|Any CPU.ActiveCfg = Release|Any CPU
		{BA05F27A-237F-4D7E-9B4E-6F3E9EFF54FA}.Release|Any CPU.Build.0 = Release|Any CPU
	EndGlobalSection
	GlobalSection(SolutionProperties) = preSolution
		HideSolutionNode = FALSE
	EndGlobalSection
	GlobalSection(NestedProjects) = preSolution
		{738C154A-DCA2-41AE-B704-FA9C4CEEE32B} = {AE65D0F1-11FE-4BDA-8985-F8326A5F3AEF}
		{91F83DB0-CC3B-4442-BBC1-4FC3727E3BED} = {AE65D0F1-11FE-4BDA-8985-F8326A5F3AEF}
		{3E5023F7-D192-4379-A188-DE044C458BF0} = {738C154A-DCA2-41AE-B704-FA9C4CEEE32B}
		{1046D130-521B-455E-8DED-B3BF1C35BA77} = {91F83DB0-CC3B-4442-BBC1-4FC3727E3BED}
		{D2B627F1-4862-4CE1-A1D9-94FDB91A4C16} = {91F83DB0-CC3B-4442-BBC1-4FC3727E3BED}
		{6D6E75D4-2C4F-479E-9D16-DA2BE32A97B0} = {B5694FEE-A93B-40D5-AD65-51DDAECB7FFB}
		{EDE859FA-99EE-4736-B4FF-5578C8BDC41E} = {88C0EDA6-0401-41D5-81BB-3A70C8961554}
		{0B07889E-BC18-46A8-AD88-63D22214A1A4} = {98E0191D-0689-4627-9888-EDD681FAB3AD}
		{0ADFF8E1-B82D-4CFA-990B-0EF3556048E9} = {34430021-3119-4948-884C-7C97527152E3}
		{BA05F27A-237F-4D7E-9B4E-6F3E9EFF54FA} = {738C154A-DCA2-41AE-B704-FA9C4CEEE32B}
	EndGlobalSection
	GlobalSection(ExtensibilityGlobals) = postSolution
		SolutionGuid = {43E524B2-C0E3-4597-BA43-E27D3D9C1420}
	EndGlobalSection
EndGlobal
